
Microsoft Visual Studio Solution File, Format Version 12.00
# Visual Studio Version 17
VisualStudioVersion = 17.1.32319.34
MinimumVisualStudioVersion = 10.0.40219.1
Project("{FAE04EC0-301F-11D3-BF4B-00C04F79EFBC}") = "Ej I05 geometría", "Ej I05 geometría\Ej I05 geometría.csproj", "{7847F038-1DF3-4E2A-A024-D7304DAC91B9}"
EndProject
Project("{FAE04EC0-301F-11D3-BF4B-00C04F79EFBC}") = "Bilioteca", "Bilioteca\Bilioteca.csproj", "{E6944F6A-8031-46CE-89A5-2132F50FECFB}"
EndProject
Global
	GlobalSection(SolutionConfigurationPlatforms) = preSolution
		Debug|Any CPU = Debug|Any CPU
		Release|Any CPU = Release|Any CPU
	EndGlobalSection
	GlobalSection(ProjectConfigurationPlatforms) = postSolution
		{7847F038-1DF3-4E2A-A024-D7304DAC91B9}.Debug|Any CPU.ActiveCfg = Debug|Any CPU
		{7847F038-1DF3-4E2A-A024-D7304DAC91B9}.Debug|Any CPU.Build.0 = Debug|Any CPU
		{7847F038-1DF3-4E2A-A024-D7304DAC91B9}.Release|Any CPU.ActiveCfg = Release|Any CPU
		{7847F038-1DF3-4E2A-A024-D7304DAC91B9}.Release|Any CPU.Build.0 = Release|Any CPU
		{E6944F6A-8031-46CE-89A5-2132F50FECFB}.Debug|Any CPU.ActiveCfg = Debug|Any CPU
		{E6944F6A-8031-46CE-89A5-2132F50FECFB}.Debug|Any CPU.Build.0 = Debug|Any CPU
		{E6944F6A-8031-46CE-89A5-2132F50FECFB}.Release|Any CPU.ActiveCfg = Release|Any CPU
		{E6944F6A-8031-46CE-89A5-2132F50FECFB}.Release|Any CPU.Build.0 = Release|Any CPU
	EndGlobalSection
	GlobalSection(SolutionProperties) = preSolution
		HideSolutionNode = FALSE
	EndGlobalSection
	GlobalSection(ExtensibilityGlobals) = postSolution
		SolutionGuid = {AF90DE0D-3AF1-44B8-B6FC-3FF53DF6A47B}
	EndGlobalSection
EndGlobal
