
Microsoft Visual Studio Solution File, Format Version 12.00
# Visual Studio Version 17
VisualStudioVersion = 17.1.32319.34
MinimumVisualStudioVersion = 10.0.40219.1
Project("{FAE04EC0-301F-11D3-BF4B-00C04F79EFBC}") = "Ej I01 Val ran", "Ej I01 Val ran\Ej I01 Val ran.csproj", "{624C87B1-4C77-495D-945D-8BB970C8879E}"
EndProject
Project("{FAE04EC0-301F-11D3-BF4B-00C04F79EFBC}") = "Biblioteca", "Biblioteca\Biblioteca.csproj", "{F0B5DF25-F59A-4381-9F44-7BF32E8AD11F}"
EndProject
Global
	GlobalSection(SolutionConfigurationPlatforms) = preSolution
		Debug|Any CPU = Debug|Any CPU
		Release|Any CPU = Release|Any CPU
	EndGlobalSection
	GlobalSection(ProjectConfigurationPlatforms) = postSolution
		{624C87B1-4C77-495D-945D-8BB970C8879E}.Debug|Any CPU.ActiveCfg = Debug|Any CPU
		{624C87B1-4C77-495D-945D-8BB970C8879E}.Debug|Any CPU.Build.0 = Debug|Any CPU
		{624C87B1-4C77-495D-945D-8BB970C8879E}.Release|Any CPU.ActiveCfg = Release|Any CPU
		{624C87B1-4C77-495D-945D-8BB970C8879E}.Release|Any CPU.Build.0 = Release|Any CPU
		{F0B5DF25-F59A-4381-9F44-7BF32E8AD11F}.Debug|Any CPU.ActiveCfg = Debug|Any CPU
		{F0B5DF25-F59A-4381-9F44-7BF32E8AD11F}.Debug|Any CPU.Build.0 = Debug|Any CPU
		{F0B5DF25-F59A-4381-9F44-7BF32E8AD11F}.Release|Any CPU.ActiveCfg = Release|Any CPU
		{F0B5DF25-F59A-4381-9F44-7BF32E8AD11F}.Release|Any CPU.Build.0 = Release|Any CPU
	EndGlobalSection
	GlobalSection(SolutionProperties) = preSolution
		HideSolutionNode = FALSE
	EndGlobalSection
	GlobalSection(ExtensibilityGlobals) = postSolution
		SolutionGuid = {9EAC2A64-98F4-47E0-909C-B22C17A0D3E5}
	EndGlobalSection
EndGlobal
