
Microsoft Visual Studio Solution File, Format Version 12.00
# Visual Studio Version 17
VisualStudioVersion = 17.1.32319.34
MinimumVisualStudioVersion = 10.0.40219.1
Project("{FAE04EC0-301F-11D3-BF4B-00C04F79EFBC}") = "Ej I04 calc", "Ej I04 calc\Ej I04 calc.csproj", "{2B41E097-D418-4C94-BAA4-D403F3C10377}"
EndProject
Project("{FAE04EC0-301F-11D3-BF4B-00C04F79EFBC}") = "Biblioteca", "Biblioteca\Biblioteca.csproj", "{761B7C4E-3060-4FDF-9419-64F1D2D0B267}"
EndProject
Global
	GlobalSection(SolutionConfigurationPlatforms) = preSolution
		Debug|Any CPU = Debug|Any CPU
		Release|Any CPU = Release|Any CPU
	EndGlobalSection
	GlobalSection(ProjectConfigurationPlatforms) = postSolution
		{2B41E097-D418-4C94-BAA4-D403F3C10377}.Debug|Any CPU.ActiveCfg = Debug|Any CPU
		{2B41E097-D418-4C94-BAA4-D403F3C10377}.Debug|Any CPU.Build.0 = Debug|Any CPU
		{2B41E097-D418-4C94-BAA4-D403F3C10377}.Release|Any CPU.ActiveCfg = Release|Any CPU
		{2B41E097-D418-4C94-BAA4-D403F3C10377}.Release|Any CPU.Build.0 = Release|Any CPU
		{761B7C4E-3060-4FDF-9419-64F1D2D0B267}.Debug|Any CPU.ActiveCfg = Debug|Any CPU
		{761B7C4E-3060-4FDF-9419-64F1D2D0B267}.Debug|Any CPU.Build.0 = Debug|Any CPU
		{761B7C4E-3060-4FDF-9419-64F1D2D0B267}.Release|Any CPU.ActiveCfg = Release|Any CPU
		{761B7C4E-3060-4FDF-9419-64F1D2D0B267}.Release|Any CPU.Build.0 = Release|Any CPU
	EndGlobalSection
	GlobalSection(SolutionProperties) = preSolution
		HideSolutionNode = FALSE
	EndGlobalSection
	GlobalSection(ExtensibilityGlobals) = postSolution
		SolutionGuid = {58CCDB7F-45C5-4DA8-8353-08416C82C1B2}
	EndGlobalSection
EndGlobal
