
Microsoft Visual Studio Solution File, Format Version 12.00
# Visual Studio Version 17
VisualStudioVersion = 17.1.32319.34
MinimumVisualStudioVersion = 10.0.40219.1
Project("{9A19103F-16F7-4668-BE54-9A1E7A4F7556}") = "Ej A02 veterinaria", "Ej A02 veterinaria\Ej A02 veterinaria.csproj", "{B2F94646-2DBF-40C3-B139-6FD23AE2293B}"
EndProject
Project("{FAE04EC0-301F-11D3-BF4B-00C04F79EFBC}") = "Biblioteca", "Biblioteca\Biblioteca.csproj", "{7294965E-115B-4336-9C7F-10BA35A02412}"
EndProject
Global
	GlobalSection(SolutionConfigurationPlatforms) = preSolution
		Debug|Any CPU = Debug|Any CPU
		Release|Any CPU = Release|Any CPU
	EndGlobalSection
	GlobalSection(ProjectConfigurationPlatforms) = postSolution
		{B2F94646-2DBF-40C3-B139-6FD23AE2293B}.Debug|Any CPU.ActiveCfg = Debug|Any CPU
		{B2F94646-2DBF-40C3-B139-6FD23AE2293B}.Debug|Any CPU.Build.0 = Debug|Any CPU
		{B2F94646-2DBF-40C3-B139-6FD23AE2293B}.Release|Any CPU.ActiveCfg = Release|Any CPU
		{B2F94646-2DBF-40C3-B139-6FD23AE2293B}.Release|Any CPU.Build.0 = Release|Any CPU
		{7294965E-115B-4336-9C7F-10BA35A02412}.Debug|Any CPU.ActiveCfg = Debug|Any CPU
		{7294965E-115B-4336-9C7F-10BA35A02412}.Debug|Any CPU.Build.0 = Debug|Any CPU
		{7294965E-115B-4336-9C7F-10BA35A02412}.Release|Any CPU.ActiveCfg = Release|Any CPU
		{7294965E-115B-4336-9C7F-10BA35A02412}.Release|Any CPU.Build.0 = Release|Any CPU
	EndGlobalSection
	GlobalSection(SolutionProperties) = preSolution
		HideSolutionNode = FALSE
	EndGlobalSection
	GlobalSection(ExtensibilityGlobals) = postSolution
		SolutionGuid = {66A32D7A-2CCF-4A58-BAC8-3D47E5764521}
	EndGlobalSection
EndGlobal
