
Microsoft Visual Studio Solution File, Format Version 12.00
# Visual Studio Version 17
VisualStudioVersion = 17.1.32319.34
MinimumVisualStudioVersion = 10.0.40219.1
Project("{FAE04EC0-301F-11D3-BF4B-00C04F79EFBC}") = "Ej I01 Sumador", "Ej I01 Sumador\Ej I01 Sumador.csproj", "{D3A6D805-FDBC-414F-86EE-A5743C2D3E0D}"
EndProject
Project("{FAE04EC0-301F-11D3-BF4B-00C04F79EFBC}") = "Biblioteca", "Biblioteca\Biblioteca.csproj", "{EF329F87-43C7-4C03-8B5B-CFDAE9ACA8B7}"
EndProject
Global
	GlobalSection(SolutionConfigurationPlatforms) = preSolution
		Debug|Any CPU = Debug|Any CPU
		Release|Any CPU = Release|Any CPU
	EndGlobalSection
	GlobalSection(ProjectConfigurationPlatforms) = postSolution
		{D3A6D805-FDBC-414F-86EE-A5743C2D3E0D}.Debug|Any CPU.ActiveCfg = Debug|Any CPU
		{D3A6D805-FDBC-414F-86EE-A5743C2D3E0D}.Debug|Any CPU.Build.0 = Debug|Any CPU
		{D3A6D805-FDBC-414F-86EE-A5743C2D3E0D}.Release|Any CPU.ActiveCfg = Release|Any CPU
		{D3A6D805-FDBC-414F-86EE-A5743C2D3E0D}.Release|Any CPU.Build.0 = Release|Any CPU
		{EF329F87-43C7-4C03-8B5B-CFDAE9ACA8B7}.Debug|Any CPU.ActiveCfg = Debug|Any CPU
		{EF329F87-43C7-4C03-8B5B-CFDAE9ACA8B7}.Debug|Any CPU.Build.0 = Debug|Any CPU
		{EF329F87-43C7-4C03-8B5B-CFDAE9ACA8B7}.Release|Any CPU.ActiveCfg = Release|Any CPU
		{EF329F87-43C7-4C03-8B5B-CFDAE9ACA8B7}.Release|Any CPU.Build.0 = Release|Any CPU
	EndGlobalSection
	GlobalSection(SolutionProperties) = preSolution
		HideSolutionNode = FALSE
	EndGlobalSection
	GlobalSection(ExtensibilityGlobals) = postSolution
		SolutionGuid = {9A859D50-1F34-44F0-AA84-7D90698E7649}
	EndGlobalSection
EndGlobal
