
Microsoft Visual Studio Solution File, Format Version 12.00
# Visual Studio Version 17
VisualStudioVersion = 17.1.32319.34
MinimumVisualStudioVersion = 10.0.40219.1
Project("{FAE04EC0-301F-11D3-BF4B-00C04F79EFBC}") = "Ej I02 Cotizador", "Ej I02 Cotizador\Ej I02 Cotizador.csproj", "{ECD69030-A6B6-40C1-80DF-3F35AAD1B3B1}"
EndProject
Global
	GlobalSection(SolutionConfigurationPlatforms) = preSolution
		Debug|Any CPU = Debug|Any CPU
		Release|Any CPU = Release|Any CPU
	EndGlobalSection
	GlobalSection(ProjectConfigurationPlatforms) = postSolution
		{ECD69030-A6B6-40C1-80DF-3F35AAD1B3B1}.Debug|Any CPU.ActiveCfg = Debug|Any CPU
		{ECD69030-A6B6-40C1-80DF-3F35AAD1B3B1}.Debug|Any CPU.Build.0 = Debug|Any CPU
		{ECD69030-A6B6-40C1-80DF-3F35AAD1B3B1}.Release|Any CPU.ActiveCfg = Release|Any CPU
		{ECD69030-A6B6-40C1-80DF-3F35AAD1B3B1}.Release|Any CPU.Build.0 = Release|Any CPU
	EndGlobalSection
	GlobalSection(SolutionProperties) = preSolution
		HideSolutionNode = FALSE
	EndGlobalSection
	GlobalSection(ExtensibilityGlobals) = postSolution
		SolutionGuid = {CFA08A53-2DC3-4D04-BCB7-1DFFE37D5DC6}
	EndGlobalSection
EndGlobal
