
Microsoft Visual Studio Solution File, Format Version 12.00
# Visual Studio Version 17
VisualStudioVersion = 17.1.32319.34
MinimumVisualStudioVersion = 10.0.40219.1
Project("{FAE04EC0-301F-11D3-BF4B-00C04F79EFBC}") = "Mendoza.Javier.2C", "Mendoza.Javier.2C\Mendoza.Javier.2C.csproj", "{82EB4568-6594-4E73-B207-5B7DAD5BA35A}"
EndProject
Project("{FAE04EC0-301F-11D3-BF4B-00C04F79EFBC}") = "FrmMendoza.Javier.2C", "FrmAtencion\FrmMendoza.Javier.2C.csproj", "{524AE578-F66D-4243-8E26-22015744EE51}"
EndProject
Global
	GlobalSection(SolutionConfigurationPlatforms) = preSolution
		Debug|Any CPU = Debug|Any CPU
		Release|Any CPU = Release|Any CPU
	EndGlobalSection
	GlobalSection(ProjectConfigurationPlatforms) = postSolution
		{82EB4568-6594-4E73-B207-5B7DAD5BA35A}.Debug|Any CPU.ActiveCfg = Debug|Any CPU
		{82EB4568-6594-4E73-B207-5B7DAD5BA35A}.Debug|Any CPU.Build.0 = Debug|Any CPU
		{82EB4568-6594-4E73-B207-5B7DAD5BA35A}.Release|Any CPU.ActiveCfg = Release|Any CPU
		{82EB4568-6594-4E73-B207-5B7DAD5BA35A}.Release|Any CPU.Build.0 = Release|Any CPU
		{524AE578-F66D-4243-8E26-22015744EE51}.Debug|Any CPU.ActiveCfg = Debug|Any CPU
		{524AE578-F66D-4243-8E26-22015744EE51}.Debug|Any CPU.Build.0 = Debug|Any CPU
		{524AE578-F66D-4243-8E26-22015744EE51}.Release|Any CPU.ActiveCfg = Release|Any CPU
		{524AE578-F66D-4243-8E26-22015744EE51}.Release|Any CPU.Build.0 = Release|Any CPU
	EndGlobalSection
	GlobalSection(SolutionProperties) = preSolution
		HideSolutionNode = FALSE
	EndGlobalSection
	GlobalSection(ExtensibilityGlobals) = postSolution
		SolutionGuid = {365D8F94-8F69-4168-9544-A640D4CCC6FA}
	EndGlobalSection
EndGlobal
